
Microsoft Visual Studio Solution File, Format Version 12.00
# Visual Studio Version 17
VisualStudioVersion = 17.8.34316.72
MinimumVisualStudioVersion = 10.0.40219.1
Project("{FAE04EC0-301F-11D3-BF4B-00C04F79EFBC}") = "BotWars", "BotWars\BotWars.csproj", "{DE9C2F50-E257-4C15-8DF1-6581A85A6568}"
EndProject
Project("{FAE04EC0-301F-11D3-BF4B-00C04F79EFBC}") = "UnitTests", "UnitTests\UnitTests.csproj", "{793C3BE2-C6CB-4E84-B37E-E37A2568EF13}"
EndProject
Project("{FAE04EC0-301F-11D3-BF4B-00C04F79EFBC}") = "Communication", "Communication\Communication.csproj", "{C7D83CF4-4285-4171-9022-90382ABC2880}"
EndProject
Project("{FAE04EC0-301F-11D3-BF4B-00C04F79EFBC}") = "Shared", "Shared\Shared.csproj", "{EC87E711-4E38-4113-95F1-A6B3CFDC5AE9}"
EndProject
Project("{2150E333-8FDC-42A3-9474-1A3956D46DE8}") = "_ProjectFiles", "_ProjectFiles", "{D07CAC53-03E5-405D-A1F6-1E93220AAA44}"
EndProject
Global
	GlobalSection(SolutionConfigurationPlatforms) = preSolution
		Debug|Any CPU = Debug|Any CPU
		Release|Any CPU = Release|Any CPU
	EndGlobalSection
	GlobalSection(ProjectConfigurationPlatforms) = postSolution
		{DE9C2F50-E257-4C15-8DF1-6581A85A6568}.Debug|Any CPU.ActiveCfg = Debug|Any CPU
		{DE9C2F50-E257-4C15-8DF1-6581A85A6568}.Debug|Any CPU.Build.0 = Debug|Any CPU
		{DE9C2F50-E257-4C15-8DF1-6581A85A6568}.Release|Any CPU.ActiveCfg = Release|Any CPU
		{DE9C2F50-E257-4C15-8DF1-6581A85A6568}.Release|Any CPU.Build.0 = Release|Any CPU
		{793C3BE2-C6CB-4E84-B37E-E37A2568EF13}.Debug|Any CPU.ActiveCfg = Debug|Any CPU
		{793C3BE2-C6CB-4E84-B37E-E37A2568EF13}.Debug|Any CPU.Build.0 = Debug|Any CPU
		{793C3BE2-C6CB-4E84-B37E-E37A2568EF13}.Release|Any CPU.ActiveCfg = Release|Any CPU
		{793C3BE2-C6CB-4E84-B37E-E37A2568EF13}.Release|Any CPU.Build.0 = Release|Any CPU
		{C7D83CF4-4285-4171-9022-90382ABC2880}.Debug|Any CPU.ActiveCfg = Debug|Any CPU
		{C7D83CF4-4285-4171-9022-90382ABC2880}.Debug|Any CPU.Build.0 = Debug|Any CPU
		{C7D83CF4-4285-4171-9022-90382ABC2880}.Release|Any CPU.ActiveCfg = Release|Any CPU
		{C7D83CF4-4285-4171-9022-90382ABC2880}.Release|Any CPU.Build.0 = Release|Any CPU
		{EC87E711-4E38-4113-95F1-A6B3CFDC5AE9}.Debug|Any CPU.ActiveCfg = Debug|Any CPU
		{EC87E711-4E38-4113-95F1-A6B3CFDC5AE9}.Debug|Any CPU.Build.0 = Debug|Any CPU
		{EC87E711-4E38-4113-95F1-A6B3CFDC5AE9}.Release|Any CPU.ActiveCfg = Release|Any CPU
		{EC87E711-4E38-4113-95F1-A6B3CFDC5AE9}.Release|Any CPU.Build.0 = Release|Any CPU
		{A5653229-E4C4-4619-8D22-4210980B90A3}.Debug|Any CPU.ActiveCfg = Debug|Any CPU
		{A5653229-E4C4-4619-8D22-4210980B90A3}.Debug|Any CPU.Build.0 = Debug|Any CPU
		{A5653229-E4C4-4619-8D22-4210980B90A3}.Release|Any CPU.ActiveCfg = Release|Any CPU
		{A5653229-E4C4-4619-8D22-4210980B90A3}.Release|Any CPU.Build.0 = Release|Any CPU
	EndGlobalSection
	GlobalSection(SolutionProperties) = preSolution
		HideSolutionNode = FALSE
	EndGlobalSection
	GlobalSection(ExtensibilityGlobals) = postSolution
		SolutionGuid = {A1980092-C746-43CA-A799-1DC277B95F9A}
	EndGlobalSection
EndGlobal
