
Microsoft Visual Studio Solution File, Format Version 12.00
# Visual Studio Version 17
VisualStudioVersion = 17.8.34316.72
MinimumVisualStudioVersion = 10.0.40219.1
Project("{9A19103F-16F7-4668-BE54-9A1E7A4F7556}") = "BotWars", "BotWars\BotWars.csproj", "{DE9C2F50-E257-4C15-8DF1-6581A85A6568}"
EndProject
Project("{9A19103F-16F7-4668-BE54-9A1E7A4F7556}") = "UnitTests", "UnitTests\UnitTests.csproj", "{793C3BE2-C6CB-4E84-B37E-E37A2568EF13}"
EndProject
Project("{9A19103F-16F7-4668-BE54-9A1E7A4F7556}") = "Communication", "Communication\Communication.csproj", "{C7D83CF4-4285-4171-9022-90382ABC2880}"
EndProject
Project("{9A19103F-16F7-4668-BE54-9A1E7A4F7556}") = "Shared", "Shared\Shared.csproj", "{EC87E711-4E38-4113-95F1-A6B3CFDC5AE9}"
EndProject
Project("{2150E333-8FDC-42A3-9474-1A3956D46DE8}") = "_ProjectFiles", "_ProjectFiles", "{D07CAC53-03E5-405D-A1F6-1E93220AAA44}"
EndProject
Project("{9A19103F-16F7-4668-BE54-9A1E7A4F7556}") = "Engine", "Engine\Engine.csproj", "{B5D9A58B-F132-4C52-9DC5-AFA499FA4269}"
EndProject
Project("{FAE04EC0-301F-11D3-BF4B-00C04F79EFBC}") = "FileGatherer", "FileGatherer\FileGatherer.csproj", "{4C9C7CCE-BCDC-44FD-A3CF-2001F407D68B}"
EndProject
Global
	GlobalSection(SolutionConfigurationPlatforms) = preSolution
		Debug|Any CPU = Debug|Any CPU
		Debug|x64 = Debug|x64
		Debug|x86 = Debug|x86
		Release|Any CPU = Release|Any CPU
		Release|x64 = Release|x64
		Release|x86 = Release|x86
	EndGlobalSection
	GlobalSection(ProjectConfigurationPlatforms) = postSolution
		{DE9C2F50-E257-4C15-8DF1-6581A85A6568}.Debug|Any CPU.ActiveCfg = Debug|Any CPU
		{DE9C2F50-E257-4C15-8DF1-6581A85A6568}.Debug|Any CPU.Build.0 = Debug|Any CPU
		{DE9C2F50-E257-4C15-8DF1-6581A85A6568}.Debug|x64.ActiveCfg = Debug|Any CPU
		{DE9C2F50-E257-4C15-8DF1-6581A85A6568}.Debug|x64.Build.0 = Debug|Any CPU
		{DE9C2F50-E257-4C15-8DF1-6581A85A6568}.Debug|x86.ActiveCfg = Debug|Any CPU
		{DE9C2F50-E257-4C15-8DF1-6581A85A6568}.Debug|x86.Build.0 = Debug|Any CPU
		{DE9C2F50-E257-4C15-8DF1-6581A85A6568}.Release|Any CPU.ActiveCfg = Release|Any CPU
		{DE9C2F50-E257-4C15-8DF1-6581A85A6568}.Release|Any CPU.Build.0 = Release|Any CPU
		{DE9C2F50-E257-4C15-8DF1-6581A85A6568}.Release|x64.ActiveCfg = Release|Any CPU
		{DE9C2F50-E257-4C15-8DF1-6581A85A6568}.Release|x64.Build.0 = Release|Any CPU
		{DE9C2F50-E257-4C15-8DF1-6581A85A6568}.Release|x86.ActiveCfg = Release|Any CPU
		{DE9C2F50-E257-4C15-8DF1-6581A85A6568}.Release|x86.Build.0 = Release|Any CPU
		{793C3BE2-C6CB-4E84-B37E-E37A2568EF13}.Debug|Any CPU.ActiveCfg = Debug|Any CPU
		{793C3BE2-C6CB-4E84-B37E-E37A2568EF13}.Debug|Any CPU.Build.0 = Debug|Any CPU
		{793C3BE2-C6CB-4E84-B37E-E37A2568EF13}.Debug|x64.ActiveCfg = Debug|Any CPU
		{793C3BE2-C6CB-4E84-B37E-E37A2568EF13}.Debug|x64.Build.0 = Debug|Any CPU
		{793C3BE2-C6CB-4E84-B37E-E37A2568EF13}.Debug|x86.ActiveCfg = Debug|Any CPU
		{793C3BE2-C6CB-4E84-B37E-E37A2568EF13}.Debug|x86.Build.0 = Debug|Any CPU
		{793C3BE2-C6CB-4E84-B37E-E37A2568EF13}.Release|Any CPU.ActiveCfg = Release|Any CPU
		{793C3BE2-C6CB-4E84-B37E-E37A2568EF13}.Release|Any CPU.Build.0 = Release|Any CPU
		{793C3BE2-C6CB-4E84-B37E-E37A2568EF13}.Release|x64.ActiveCfg = Release|Any CPU
		{793C3BE2-C6CB-4E84-B37E-E37A2568EF13}.Release|x64.Build.0 = Release|Any CPU
		{793C3BE2-C6CB-4E84-B37E-E37A2568EF13}.Release|x86.ActiveCfg = Release|Any CPU
		{793C3BE2-C6CB-4E84-B37E-E37A2568EF13}.Release|x86.Build.0 = Release|Any CPU
		{C7D83CF4-4285-4171-9022-90382ABC2880}.Debug|Any CPU.ActiveCfg = Debug|Any CPU
		{C7D83CF4-4285-4171-9022-90382ABC2880}.Debug|Any CPU.Build.0 = Debug|Any CPU
		{C7D83CF4-4285-4171-9022-90382ABC2880}.Debug|x64.ActiveCfg = Debug|Any CPU
		{C7D83CF4-4285-4171-9022-90382ABC2880}.Debug|x64.Build.0 = Debug|Any CPU
		{C7D83CF4-4285-4171-9022-90382ABC2880}.Debug|x86.ActiveCfg = Debug|Any CPU
		{C7D83CF4-4285-4171-9022-90382ABC2880}.Debug|x86.Build.0 = Debug|Any CPU
		{C7D83CF4-4285-4171-9022-90382ABC2880}.Release|Any CPU.ActiveCfg = Release|Any CPU
		{C7D83CF4-4285-4171-9022-90382ABC2880}.Release|Any CPU.Build.0 = Release|Any CPU
		{C7D83CF4-4285-4171-9022-90382ABC2880}.Release|x64.ActiveCfg = Release|Any CPU
		{C7D83CF4-4285-4171-9022-90382ABC2880}.Release|x64.Build.0 = Release|Any CPU
		{C7D83CF4-4285-4171-9022-90382ABC2880}.Release|x86.ActiveCfg = Release|Any CPU
		{C7D83CF4-4285-4171-9022-90382ABC2880}.Release|x86.Build.0 = Release|Any CPU
		{EC87E711-4E38-4113-95F1-A6B3CFDC5AE9}.Debug|Any CPU.ActiveCfg = Debug|Any CPU
		{EC87E711-4E38-4113-95F1-A6B3CFDC5AE9}.Debug|Any CPU.Build.0 = Debug|Any CPU
		{EC87E711-4E38-4113-95F1-A6B3CFDC5AE9}.Debug|x64.ActiveCfg = Debug|Any CPU
		{EC87E711-4E38-4113-95F1-A6B3CFDC5AE9}.Debug|x64.Build.0 = Debug|Any CPU
		{EC87E711-4E38-4113-95F1-A6B3CFDC5AE9}.Debug|x86.ActiveCfg = Debug|Any CPU
		{EC87E711-4E38-4113-95F1-A6B3CFDC5AE9}.Debug|x86.Build.0 = Debug|Any CPU
		{EC87E711-4E38-4113-95F1-A6B3CFDC5AE9}.Release|Any CPU.ActiveCfg = Release|Any CPU
		{EC87E711-4E38-4113-95F1-A6B3CFDC5AE9}.Release|Any CPU.Build.0 = Release|Any CPU
		{EC87E711-4E38-4113-95F1-A6B3CFDC5AE9}.Release|x64.ActiveCfg = Release|Any CPU
		{EC87E711-4E38-4113-95F1-A6B3CFDC5AE9}.Release|x64.Build.0 = Release|Any CPU
		{EC87E711-4E38-4113-95F1-A6B3CFDC5AE9}.Release|x86.ActiveCfg = Release|Any CPU
		{EC87E711-4E38-4113-95F1-A6B3CFDC5AE9}.Release|x86.Build.0 = Release|Any CPU
		{B5D9A58B-F132-4C52-9DC5-AFA499FA4269}.Debug|Any CPU.ActiveCfg = Debug|Any CPU
		{B5D9A58B-F132-4C52-9DC5-AFA499FA4269}.Debug|Any CPU.Build.0 = Debug|Any CPU
		{B5D9A58B-F132-4C52-9DC5-AFA499FA4269}.Debug|x64.ActiveCfg = Debug|Any CPU
		{B5D9A58B-F132-4C52-9DC5-AFA499FA4269}.Debug|x64.Build.0 = Debug|Any CPU
		{B5D9A58B-F132-4C52-9DC5-AFA499FA4269}.Debug|x86.ActiveCfg = Debug|Any CPU
		{B5D9A58B-F132-4C52-9DC5-AFA499FA4269}.Debug|x86.Build.0 = Debug|Any CPU
		{B5D9A58B-F132-4C52-9DC5-AFA499FA4269}.Release|Any CPU.ActiveCfg = Release|Any CPU
		{B5D9A58B-F132-4C52-9DC5-AFA499FA4269}.Release|Any CPU.Build.0 = Release|Any CPU
		{B5D9A58B-F132-4C52-9DC5-AFA499FA4269}.Release|x64.ActiveCfg = Release|Any CPU
		{B5D9A58B-F132-4C52-9DC5-AFA499FA4269}.Release|x64.Build.0 = Release|Any CPU
		{B5D9A58B-F132-4C52-9DC5-AFA499FA4269}.Release|x86.ActiveCfg = Release|Any CPU
		{B5D9A58B-F132-4C52-9DC5-AFA499FA4269}.Release|x86.Build.0 = Release|Any CPU
		{4C9C7CCE-BCDC-44FD-A3CF-2001F407D68B}.Debug|Any CPU.ActiveCfg = Debug|Any CPU
		{4C9C7CCE-BCDC-44FD-A3CF-2001F407D68B}.Debug|Any CPU.Build.0 = Debug|Any CPU
		{4C9C7CCE-BCDC-44FD-A3CF-2001F407D68B}.Debug|x64.ActiveCfg = Debug|Any CPU
		{4C9C7CCE-BCDC-44FD-A3CF-2001F407D68B}.Debug|x64.Build.0 = Debug|Any CPU
		{4C9C7CCE-BCDC-44FD-A3CF-2001F407D68B}.Debug|x86.ActiveCfg = Debug|Any CPU
		{4C9C7CCE-BCDC-44FD-A3CF-2001F407D68B}.Debug|x86.Build.0 = Debug|Any CPU
		{4C9C7CCE-BCDC-44FD-A3CF-2001F407D68B}.Release|Any CPU.ActiveCfg = Release|Any CPU
		{4C9C7CCE-BCDC-44FD-A3CF-2001F407D68B}.Release|Any CPU.Build.0 = Release|Any CPU
		{4C9C7CCE-BCDC-44FD-A3CF-2001F407D68B}.Release|x64.ActiveCfg = Release|Any CPU
		{4C9C7CCE-BCDC-44FD-A3CF-2001F407D68B}.Release|x64.Build.0 = Release|Any CPU
		{4C9C7CCE-BCDC-44FD-A3CF-2001F407D68B}.Release|x86.ActiveCfg = Release|Any CPU
		{4C9C7CCE-BCDC-44FD-A3CF-2001F407D68B}.Release|x86.Build.0 = Release|Any CPU
	EndGlobalSection
	GlobalSection(SolutionProperties) = preSolution
		HideSolutionNode = FALSE
	EndGlobalSection
	GlobalSection(ExtensibilityGlobals) = postSolution
		SolutionGuid = {A1980092-C746-43CA-A799-1DC277B95F9A}
	EndGlobalSection
EndGlobal
